// !$*UTF8*$!
{
	archiveVersion = 1;
	classes = {
	};
	objectVersion = 55;
	objects = {

/* Begin PBXBuildFile section */
		EACCBD1228A2DBB800410A39 /* AppDelegate.swift in Sources */ = {isa = PBXBuildFile; fileRef = EACCBD1128A2DBB800410A39 /* AppDelegate.swift */; };
		EACCBD1428A2DBB800410A39 /* SceneDelegate.swift in Sources */ = {isa = PBXBuildFile; fileRef = EACCBD1328A2DBB800410A39 /* SceneDelegate.swift */; };
		EACCBD1628A2DBB800410A39 /* ViewController.swift in Sources */ = {isa = PBXBuildFile; fileRef = EACCBD1528A2DBB800410A39 /* ViewController.swift */; };
		EACCBD1928A2DBB800410A39 /* Main.storyboard in Resources */ = {isa = PBXBuildFile; fileRef = EACCBD1728A2DBB800410A39 /* Main.storyboard */; };
		EACCBD1B28A2DBBA00410A39 /* Assets.xcassets in Resources */ = {isa = PBXBuildFile; fileRef = EACCBD1A28A2DBBA00410A39 /* Assets.xcassets */; };
		EACCBD1E28A2DBBA00410A39 /* LaunchScreen.storyboard in Resources */ = {isa = PBXBuildFile; fileRef = EACCBD1C28A2DBBA00410A39 /* LaunchScreen.storyboard */; };
		EACCBD2928A2DBBA00410A39 /* tipcalcTests.swift in Sources */ = {isa = PBXBuildFile; fileRef = EACCBD2828A2DBBA00410A39 /* tipcalcTests.swift */; };
		EACCBD3328A2DBBA00410A39 /* tipcalcUITests.swift in Sources */ = {isa = PBXBuildFile; fileRef = EACCBD3228A2DBBA00410A39 /* tipcalcUITests.swift */; };
		EACCBD3528A2DBBA00410A39 /* tipcalcUITestsLaunchTests.swift in Sources */ = {isa = PBXBuildFile; fileRef = EACCBD3428A2DBBA00410A39 /* tipcalcUITestsLaunchTests.swift */; };
/* End PBXBuildFile section */

/* Begin PBXContainerItemProxy section */
		EACCBD2528A2DBBA00410A39 /* PBXContainerItemProxy */ = {
			isa = PBXContainerItemProxy;
			containerPortal = EACCBD0628A2DBB800410A39 /* Project object */;
			proxyType = 1;
			remoteGlobalIDString = EACCBD0D28A2DBB800410A39;
			remoteInfo = tipcalc;
		};
		EACCBD2F28A2DBBA00410A39 /* PBXContainerItemProxy */ = {
			isa = PBXContainerItemProxy;
			containerPortal = EACCBD0628A2DBB800410A39 /* Project object */;
			proxyType = 1;
			remoteGlobalIDString = EACCBD0D28A2DBB800410A39;
			remoteInfo = tipcalc;
		};
/* End PBXContainerItemProxy section */

/* Begin PBXFileReference section */
		EACCBD0E28A2DBB800410A39 /* tipcalc.app */ = {isa = PBXFileReference; explicitFileType = wrapper.application; includeInIndex = 0; path = tipcalc.app; sourceTree = BUILT_PRODUCTS_DIR; };
		EACCBD1128A2DBB800410A39 /* AppDelegate.swift */ = {isa = PBXFileReference; lastKnownFileType = sourcecode.swift; path = AppDelegate.swift; sourceTree = "<group>"; };
		EACCBD1328A2DBB800410A39 /* SceneDelegate.swift */ = {isa = PBXFileReference; lastKnownFileType = sourcecode.swift; path = SceneDelegate.swift; sourceTree = "<group>"; };
		EACCBD1528A2DBB800410A39 /* ViewController.swift */ = {isa = PBXFileReference; lastKnownFileType = sourcecode.swift; path = ViewController.swift; sourceTree = "<group>"; };
		EACCBD1828A2DBB800410A39 /* Base */ = {isa = PBXFileReference; lastKnownFileType = file.storyboard; name = Base; path = Base.lproj/Main.storyboard; sourceTree = "<group>"; };
		EACCBD1A28A2DBBA00410A39 /* Assets.xcassets */ = {isa = PBXFileReference; lastKnownFileType = folder.assetcatalog; path = Assets.xcassets; sourceTree = "<group>"; };
		EACCBD1D28A2DBBA00410A39 /* Base */ = {isa = PBXFileReference; lastKnownFileType = file.storyboard; name = Base; path = Base.lproj/LaunchScreen.storyboard; sourceTree = "<group>"; };
		EACCBD1F28A2DBBA00410A39 /* Info.plist */ = {isa = PBXFileReference; lastKnownFileType = text.plist.xml; path = Info.plist; sourceTree = "<group>"; };
		EACCBD2428A2DBBA00410A39 /* tipcalcTests.xctest */ = {isa = PBXFileReference; explicitFileType = wrapper.cfbundle; includeInIndex = 0; path = tipcalcTests.xctest; sourceTree = BUILT_PRODUCTS_DIR; };
		EACCBD2828A2DBBA00410A39 /* tipcalcTests.swift */ = {isa = PBXFileReference; lastKnownFileType = sourcecode.swift; path = tipcalcTests.swift; sourceTree = "<group>"; };
		EACCBD2E28A2DBBA00410A39 /* tipcalcUITests.xctest */ = {isa = PBXFileReference; explicitFileType = wrapper.cfbundle; includeInIndex = 0; path = tipcalcUITests.xctest; sourceTree = BUILT_PRODUCTS_DIR; };
		EACCBD3228A2DBBA00410A39 /* tipcalcUITests.swift */ = {isa = PBXFileReference; lastKnownFileType = sourcecode.swift; path = tipcalcUITests.swift; sourceTree = "<group>"; };
		EACCBD3428A2DBBA00410A39 /* tipcalcUITestsLaunchTests.swift */ = {isa = PBXFileReference; lastKnownFileType = sourcecode.swift; path = tipcalcUITestsLaunchTests.swift; sourceTree = "<group>"; };
/* End PBXFileReference section */

/* Begin PBXFrameworksBuildPhase section */
		EACCBD0B28A2DBB800410A39 /* Frameworks */ = {
			isa = PBXFrameworksBuildPhase;
			buildActionMask = 2147483647;
			files = (
			);
			runOnlyForDeploymentPostprocessing = 0;
		};
		EACCBD2128A2DBBA00410A39 /* Frameworks */ = {
			isa = PBXFrameworksBuildPhase;
			buildActionMask = 2147483647;
			files = (
			);
			runOnlyForDeploymentPostprocessing = 0;
		};
		EACCBD2B28A2DBBA00410A39 /* Frameworks */ = {
			isa = PBXFrameworksBuildPhase;
			buildActionMask = 2147483647;
			files = (
			);
			runOnlyForDeploymentPostprocessing = 0;
		};
/* End PBXFrameworksBuildPhase section */

/* Begin PBXGroup section */
		EACCBD0528A2DBB800410A39 = {
			isa = PBXGroup;
			children = (
				EACCBD1028A2DBB800410A39 /* tipcalc */,
				EACCBD2728A2DBBA00410A39 /* tipcalcTests */,
				EACCBD3128A2DBBA00410A39 /* tipcalcUITests */,
				EACCBD0F28A2DBB800410A39 /* Products */,
			);
			sourceTree = "<group>";
		};
		EACCBD0F28A2DBB800410A39 /* Products */ = {
			isa = PBXGroup;
			children = (
				EACCBD0E28A2DBB800410A39 /* tipcalc.app */,
				EACCBD2428A2DBBA00410A39 /* tipcalcTests.xctest */,
				EACCBD2E28A2DBBA00410A39 /* tipcalcUITests.xctest */,
			);
			name = Products;
			sourceTree = "<group>";
		};
		EACCBD1028A2DBB800410A39 /* tipcalc */ = {
			isa = PBXGroup;
			children = (
				EACCBD1128A2DBB800410A39 /* AppDelegate.swift */,
				EACCBD1328A2DBB800410A39 /* SceneDelegate.swift */,
				EACCBD1528A2DBB800410A39 /* ViewController.swift */,
				EACCBD1728A2DBB800410A39 /* Main.storyboard */,
				EACCBD1A28A2DBBA00410A39 /* Assets.xcassets */,
				EACCBD1C28A2DBBA00410A39 /* LaunchScreen.storyboard */,
				EACCBD1F28A2DBBA00410A39 /* Info.plist */,
			);
			path = tipcalc;
			sourceTree = "<group>";
		};
		EACCBD2728A2DBBA00410A39 /* tipcalcTests */ = {
			isa = PBXGroup;
			children = (
				EACCBD2828A2DBBA00410A39 /* tipcalcTests.swift */,
			);
			path = tipcalcTests;
			sourceTree = "<group>";
		};
		EACCBD3128A2DBBA00410A39 /* tipcalcUITests */ = {
			isa = PBXGroup;
			children = (
				EACCBD3228A2DBBA00410A39 /* tipcalcUITests.swift */,
				EACCBD3428A2DBBA00410A39 /* tipcalcUITestsLaunchTests.swift */,
			);
			path = tipcalcUITests;
			sourceTree = "<group>";
		};
/* End PBXGroup section */

/* Begin PBXNativeTarget section */
		EACCBD0D28A2DBB800410A39 /* tipcalc */ = {
			isa = PBXNativeTarget;
			buildConfigurationList = EACCBD3828A2DBBA00410A39 /* Build configuration list for PBXNativeTarget "tipcalc" */;
			buildPhases = (
				EACCBD0A28A2DBB800410A39 /* Sources */,
				EACCBD0B28A2DBB800410A39 /* Frameworks */,
				EACCBD0C28A2DBB800410A39 /* Resources */,
			);
			buildRules = (
			);
			dependencies = (
			);
			name = tipcalc;
			productName = tipcalc;
			productReference = EACCBD0E28A2DBB800410A39 /* tipcalc.app */;
			productType = "com.apple.product-type.application";
		};
		EACCBD2328A2DBBA00410A39 /* tipcalcTests */ = {
			isa = PBXNativeTarget;
			buildConfigurationList = EACCBD3B28A2DBBA00410A39 /* Build configuration list for PBXNativeTarget "tipcalcTests" */;
			buildPhases = (
				EACCBD2028A2DBBA00410A39 /* Sources */,
				EACCBD2128A2DBBA00410A39 /* Frameworks */,
				EACCBD2228A2DBBA00410A39 /* Resources */,
			);
			buildRules = (
			);
			dependencies = (
				EACCBD2628A2DBBA00410A39 /* PBXTargetDependency */,
			);
			name = tipcalcTests;
			productName = tipcalcTests;
			productReference = EACCBD2428A2DBBA00410A39 /* tipcalcTests.xctest */;
			productType = "com.apple.product-type.bundle.unit-test";
		};
		EACCBD2D28A2DBBA00410A39 /* tipcalcUITests */ = {
			isa = PBXNativeTarget;
			buildConfigurationList = EACCBD3E28A2DBBA00410A39 /* Build configuration list for PBXNativeTarget "tipcalcUITests" */;
			buildPhases = (
				EACCBD2A28A2DBBA00410A39 /* Sources */,
				EACCBD2B28A2DBBA00410A39 /* Frameworks */,
				EACCBD2C28A2DBBA00410A39 /* Resources */,
			);
			buildRules = (
			);
			dependencies = (
				EACCBD3028A2DBBA00410A39 /* PBXTargetDependency */,
			);
			name = tipcalcUITests;
			productName = tipcalcUITests;
			productReference = EACCBD2E28A2DBBA00410A39 /* tipcalcUITests.xctest */;
			productType = "com.apple.product-type.bundle.ui-testing";
		};
/* End PBXNativeTarget section */

/* Begin PBXProject section */
		EACCBD0628A2DBB800410A39 /* Project object */ = {
			isa = PBXProject;
			attributes = {
				BuildIndependentTargetsInParallel = 1;
				LastSwiftUpdateCheck = 1340;
				LastUpgradeCheck = 1340;
				TargetAttributes = {
					EACCBD0D28A2DBB800410A39 = {
						CreatedOnToolsVersion = 13.4.1;
					};
					EACCBD2328A2DBBA00410A39 = {
						CreatedOnToolsVersion = 13.4.1;
						TestTargetID = EACCBD0D28A2DBB800410A39;
					};
					EACCBD2D28A2DBBA00410A39 = {
						CreatedOnToolsVersion = 13.4.1;
						TestTargetID = EACCBD0D28A2DBB800410A39;
					};
				};
			};
			buildConfigurationList = EACCBD0928A2DBB800410A39 /* Build configuration list for PBXProject "tipcalc" */;
			compatibilityVersion = "Xcode 13.0";
			developmentRegion = en;
			hasScannedForEncodings = 0;
			knownRegions = (
				en,
				Base,
			);
			mainGroup = EACCBD0528A2DBB800410A39;
			productRefGroup = EACCBD0F28A2DBB800410A39 /* Products */;
			projectDirPath = "";
			projectRoot = "";
			targets = (
				EACCBD0D28A2DBB800410A39 /* tipcalc */,
				EACCBD2328A2DBBA00410A39 /* tipcalcTests */,
				EACCBD2D28A2DBBA00410A39 /* tipcalcUITests */,
			);
		};
/* End PBXProject section */

/* Begin PBXResourcesBuildPhase section */
		EACCBD0C28A2DBB800410A39 /* Resources */ = {
			isa = PBXResourcesBuildPhase;
			buildActionMask = 2147483647;
			files = (
				EACCBD1E28A2DBBA00410A39 /* LaunchScreen.storyboard in Resources */,
				EACCBD1B28A2DBBA00410A39 /* Assets.xcassets in Resources */,
				EACCBD1928A2DBB800410A39 /* Main.storyboard in Resources */,
			);
			runOnlyForDeploymentPostprocessing = 0;
		};
		EACCBD2228A2DBBA00410A39 /* Resources */ = {
			isa = PBXResourcesBuildPhase;
			buildActionMask = 2147483647;
			files = (
			);
			runOnlyForDeploymentPostprocessing = 0;
		};
		EACCBD2C28A2DBBA00410A39 /* Resources */ = {
			isa = PBXResourcesBuildPhase;
			buildActionMask = 2147483647;
			files = (
			);
			runOnlyForDeploymentPostprocessing = 0;
		};
/* End PBXResourcesBuildPhase section */

/* Begin PBXSourcesBuildPhase section */
		EACCBD0A28A2DBB800410A39 /* Sources */ = {
			isa = PBXSourcesBuildPhase;
			buildActionMask = 2147483647;
			files = (
				EACCBD1628A2DBB800410A39 /* ViewController.swift in Sources */,
				EACCBD1228A2DBB800410A39 /* AppDelegate.swift in Sources */,
				EACCBD1428A2DBB800410A39 /* SceneDelegate.swift in Sources */,
			);
			runOnlyForDeploymentPostprocessing = 0;
		};
		EACCBD2028A2DBBA00410A39 /* Sources */ = {
			isa = PBXSourcesBuildPhase;
			buildActionMask = 2147483647;
			files = (
				EACCBD2928A2DBBA00410A39 /* tipcalcTests.swift in Sources */,
			);
			runOnlyForDeploymentPostprocessing = 0;
		};
		EACCBD2A28A2DBBA00410A39 /* Sources */ = {
			isa = PBXSourcesBuildPhase;
			buildActionMask = 2147483647;
			files = (
				EACCBD3328A2DBBA00410A39 /* tipcalcUITests.swift in Sources */,
				EACCBD3528A2DBBA00410A39 /* tipcalcUITestsLaunchTests.swift in Sources */,
			);
			runOnlyForDeploymentPostprocessing = 0;
		};
/* End PBXSourcesBuildPhase section */

/* Begin PBXTargetDependency section */
		EACCBD2628A2DBBA00410A39 /* PBXTargetDependency */ = {
			isa = PBXTargetDependency;
			target = EACCBD0D28A2DBB800410A39 /* tipcalc */;
			targetProxy = EACCBD2528A2DBBA00410A39 /* PBXContainerItemProxy */;
		};
		EACCBD3028A2DBBA00410A39 /* PBXTargetDependency */ = {
			isa = PBXTargetDependency;
			target = EACCBD0D28A2DBB800410A39 /* tipcalc */;
			targetProxy = EACCBD2F28A2DBBA00410A39 /* PBXContainerItemProxy */;
		};
/* End PBXTargetDependency section */

/* Begin PBXVariantGroup section */
		EACCBD1728A2DBB800410A39 /* Main.storyboard */ = {
			isa = PBXVariantGroup;
			children = (
				EACCBD1828A2DBB800410A39 /* Base */,
			);
			name = Main.storyboard;
			sourceTree = "<group>";
		};
		EACCBD1C28A2DBBA00410A39 /* LaunchScreen.storyboard */ = {
			isa = PBXVariantGroup;
			children = (
				EACCBD1D28A2DBBA00410A39 /* Base */,
			);
			name = LaunchScreen.storyboard;
			sourceTree = "<group>";
		};
/* End PBXVariantGroup section */

/* Begin XCBuildConfiguration section */
		EACCBD3628A2DBBA00410A39 /* Debug */ = {
			isa = XCBuildConfiguration;
			buildSettings = {
				ALWAYS_SEARCH_USER_PATHS = NO;
				CLANG_ANALYZER_NONNULL = YES;
				CLANG_ANALYZER_NUMBER_OBJECT_CONVERSION = YES_AGGRESSIVE;
				CLANG_CXX_LANGUAGE_STANDARD = "gnu++17";
				CLANG_ENABLE_MODULES = YES;
				CLANG_ENABLE_OBJC_ARC = YES;
				CLANG_ENABLE_OBJC_WEAK = YES;
				CLANG_WARN_BLOCK_CAPTURE_AUTORELEASING = YES;
				CLANG_WARN_BOOL_CONVERSION = YES;
				CLANG_WARN_COMMA = YES;
				CLANG_WARN_CONSTANT_CONVERSION = YES;
				CLANG_WARN_DEPRECATED_OBJC_IMPLEMENTATIONS = YES;
				CLANG_WARN_DIRECT_OBJC_ISA_USAGE = YES_ERROR;
				CLANG_WARN_DOCUMENTATION_COMMENTS = YES;
				CLANG_WARN_EMPTY_BODY = YES;
				CLANG_WARN_ENUM_CONVERSION = YES;
				CLANG_WARN_INFINITE_RECURSION = YES;
				CLANG_WARN_INT_CONVERSION = YES;
				CLANG_WARN_NON_LITERAL_NULL_CONVERSION = YES;
				CLANG_WARN_OBJC_IMPLICIT_RETAIN_SELF = YES;
				CLANG_WARN_OBJC_LITERAL_CONVERSION = YES;
				CLANG_WARN_OBJC_ROOT_CLASS = YES_ERROR;
				CLANG_WARN_QUOTED_INCLUDE_IN_FRAMEWORK_HEADER = YES;
				CLANG_WARN_RANGE_LOOP_ANALYSIS = YES;
				CLANG_WARN_STRICT_PROTOTYPES = YES;
				CLANG_WARN_SUSPICIOUS_MOVE = YES;
				CLANG_WARN_UNGUARDED_AVAILABILITY = YES_AGGRESSIVE;
				CLANG_WARN_UNREACHABLE_CODE = YES;
				CLANG_WARN__DUPLICATE_METHOD_MATCH = YES;
				COPY_PHASE_STRIP = NO;
				DEBUG_INFORMATION_FORMAT = dwarf;
				ENABLE_STRICT_OBJC_MSGSEND = YES;
				ENABLE_TESTABILITY = YES;
				GCC_C_LANGUAGE_STANDARD = gnu11;
				GCC_DYNAMIC_NO_PIC = NO;
				GCC_NO_COMMON_BLOCKS = YES;
				GCC_OPTIMIZATION_LEVEL = 0;
				GCC_PREPROCESSOR_DEFINITIONS = (
					"DEBUG=1",
					"$(inherited)",
				);
				GCC_WARN_64_TO_32_BIT_CONVERSION = YES;
				GCC_WARN_ABOUT_RETURN_TYPE = YES_ERROR;
				GCC_WARN_UNDECLARED_SELECTOR = YES;
				GCC_WARN_UNINITIALIZED_AUTOS = YES_AGGRESSIVE;
				GCC_WARN_UNUSED_FUNCTION = YES;
				GCC_WARN_UNUSED_VARIABLE = YES;
				IPHONEOS_DEPLOYMENT_TARGET = 15.5;
				MTL_ENABLE_DEBUG_INFO = INCLUDE_SOURCE;
				MTL_FAST_MATH = YES;
				ONLY_ACTIVE_ARCH = YES;
				SDKROOT = iphoneos;
				SWIFT_ACTIVE_COMPILATION_CONDITIONS = DEBUG;
				SWIFT_OPTIMIZATION_LEVEL = "-Onone";
			};
			name = Debug;
		};
		EACCBD3728A2DBBA00410A39 /* Release */ = {
			isa = XCBuildConfiguration;
			buildSettings = {
				ALWAYS_SEARCH_USER_PATHS = NO;
				CLANG_ANALYZER_NONNULL = YES;
				CLANG_ANALYZER_NUMBER_OBJECT_CONVERSION = YES_AGGRESSIVE;
				CLANG_CXX_LANGUAGE_STANDARD = "gnu++17";
				CLANG_ENABLE_MODULES = YES;
				CLANG_ENABLE_OBJC_ARC = YES;
				CLANG_ENABLE_OBJC_WEAK = YES;
				CLANG_WARN_BLOCK_CAPTURE_AUTORELEASING = YES;
				CLANG_WARN_BOOL_CONVERSION = YES;
				CLANG_WARN_COMMA = YES;
				CLANG_WARN_CONSTANT_CONVERSION = YES;
				CLANG_WARN_DEPRECATED_OBJC_IMPLEMENTATIONS = YES;
				CLANG_WARN_DIRECT_OBJC_ISA_USAGE = YES_ERROR;
				CLANG_WARN_DOCUMENTATION_COMMENTS = YES;
				CLANG_WARN_EMPTY_BODY = YES;
				CLANG_WARN_ENUM_CONVERSION = YES;
				CLANG_WARN_INFINITE_RECURSION = YES;
				CLANG_WARN_INT_CONVERSION = YES;
				CLANG_WARN_NON_LITERAL_NULL_CONVERSION = YES;
				CLANG_WARN_OBJC_IMPLICIT_RETAIN_SELF = YES;
				CLANG_WARN_OBJC_LITERAL_CONVERSION = YES;
				CLANG_WARN_OBJC_ROOT_CLASS = YES_ERROR;
				CLANG_WARN_QUOTED_INCLUDE_IN_FRAMEWORK_HEADER = YES;
				CLANG_WARN_RANGE_LOOP_ANALYSIS = YES;
				CLANG_WARN_STRICT_PROTOTYPES = YES;
				CLANG_WARN_SUSPICIOUS_MOVE = YES;
				CLANG_WARN_UNGUARDED_AVAILABILITY = YES_AGGRESSIVE;
				CLANG_WARN_UNREACHABLE_CODE = YES;
				CLANG_WARN__DUPLICATE_METHOD_MATCH = YES;
				COPY_PHASE_STRIP = NO;
				DEBUG_INFORMATION_FORMAT = "dwarf-with-dsym";
				ENABLE_NS_ASSERTIONS = NO;
				ENABLE_STRICT_OBJC_MSGSEND = YES;
				GCC_C_LANGUAGE_STANDARD = gnu11;
				GCC_NO_COMMON_BLOCKS = YES;
				GCC_WARN_64_TO_32_BIT_CONVERSION = YES;
				GCC_WARN_ABOUT_RETURN_TYPE = YES_ERROR;
				GCC_WARN_UNDECLARED_SELECTOR = YES;
				GCC_WARN_UNINITIALIZED_AUTOS = YES_AGGRESSIVE;
				GCC_WARN_UNUSED_FUNCTION = YES;
				GCC_WARN_UNUSED_VARIABLE = YES;
				IPHONEOS_DEPLOYMENT_TARGET = 15.5;
				MTL_ENABLE_DEBUG_INFO = NO;
				MTL_FAST_MATH = YES;
				SDKROOT = iphoneos;
				SWIFT_COMPILATION_MODE = wholemodule;
				SWIFT_OPTIMIZATION_LEVEL = "-O";
				VALIDATE_PRODUCT = YES;
			};
			name = Release;
		};
		EACCBD3928A2DBBA00410A39 /* Debug */ = {
			isa = XCBuildConfiguration;
			buildSettings = {
				ASSETCATALOG_COMPILER_APPICON_NAME = AppIcon;
				ASSETCATALOG_COMPILER_GLOBAL_ACCENT_COLOR_NAME = AccentColor;
				CODE_SIGN_STYLE = Automatic;
				CURRENT_PROJECT_VERSION = 1;
				GENERATE_INFOPLIST_FILE = YES;
				INFOPLIST_FILE = tipcalc/Info.plist;
				INFOPLIST_KEY_UIApplicationSupportsIndirectInputEvents = YES;
				INFOPLIST_KEY_UILaunchStoryboardName = LaunchScreen;
				INFOPLIST_KEY_UIMainStoryboardFile = Main;
				INFOPLIST_KEY_UISupportedInterfaceOrientations_iPad = "UIInterfaceOrientationPortrait UIInterfaceOrientationPortraitUpsideDown UIInterfaceOrientationLandscapeLeft UIInterfaceOrientationLandscapeRight";
				INFOPLIST_KEY_UISupportedInterfaceOrientations_iPhone = "UIInterfaceOrientationPortrait UIInterfaceOrientationLandscapeLeft UIInterfaceOrientationLandscapeRight";
				LD_RUNPATH_SEARCH_PATHS = (
					"$(inherited)",
					"@executable_path/Frameworks",
				);
				MARKETING_VERSION = 1.0;
				PRODUCT_BUNDLE_IDENTIFIER = lxwooxy.com.tipcalc;
				PRODUCT_NAME = "$(TARGET_NAME)";
				SWIFT_EMIT_LOC_STRINGS = YES;
				SWIFT_VERSION = 5.0;
				TARGETED_DEVICE_FAMILY = "1,2";
			};
			name = Debug;
		};
		EACCBD3A28A2DBBA00410A39 /* Release */ = {
			isa = XCBuildConfiguration;
			buildSettings = {
				ASSETCATALOG_COMPILER_APPICON_NAME = AppIcon;
				ASSETCATALOG_COMPILER_GLOBAL_ACCENT_COLOR_NAME = AccentColor;
				CODE_SIGN_STYLE = Automatic;
				CURRENT_PROJECT_VERSION = 1;
				GENERATE_INFOPLIST_FILE = YES;
				INFOPLIST_FILE = tipcalc/Info.plist;
				INFOPLIST_KEY_UIApplicationSupportsIndirectInputEvents = YES;
				INFOPLIST_KEY_UILaunchStoryboardName = LaunchScreen;
				INFOPLIST_KEY_UIMainStoryboardFile = Main;
				INFOPLIST_KEY_UISupportedInterfaceOrientations_iPad = "UIInterfaceOrientationPortrait UIInterfaceOrientationPortraitUpsideDown UIInterfaceOrientationLandscapeLeft UIInterfaceOrientationLandscapeRight";
				INFOPLIST_KEY_UISupportedInterfaceOrientations_iPhone = "UIInterfaceOrientationPortrait UIInterfaceOrientationLandscapeLeft UIInterfaceOrientationLandscapeRight";
				LD_RUNPATH_SEARCH_PATHS = (
					"$(inherited)",
					"@executable_path/Frameworks",
				);
				MARKETING_VERSION = 1.0;
				PRODUCT_BUNDLE_IDENTIFIER = lxwooxy.com.tipcalc;
				PRODUCT_NAME = "$(TARGET_NAME)";
				SWIFT_EMIT_LOC_STRINGS = YES;
				SWIFT_VERSION = 5.0;
				TARGETED_DEVICE_FAMILY = "1,2";
			};
			name = Release;
		};
		EACCBD3C28A2DBBA00410A39 /* Debug */ = {
			isa = XCBuildConfiguration;
			buildSettings = {
				ALWAYS_EMBED_SWIFT_STANDARD_LIBRARIES = YES;
				BUNDLE_LOADER = "$(TEST_HOST)";
				CODE_SIGN_STYLE = Automatic;
				CURRENT_PROJECT_VERSION = 1;
				GENERATE_INFOPLIST_FILE = YES;
				IPHONEOS_DEPLOYMENT_TARGET = 15.5;
				MARKETING_VERSION = 1.0;
				PRODUCT_BUNDLE_IDENTIFIER = lxwooxy.com.tipcalcTests;
				PRODUCT_NAME = "$(TARGET_NAME)";
				SWIFT_EMIT_LOC_STRINGS = NO;
				SWIFT_VERSION = 5.0;
				TARGETED_DEVICE_FAMILY = "1,2";
				TEST_HOST = "$(BUILT_PRODUCTS_DIR)/tipcalc.app/tipcalc";
			};
			name = Debug;
		};
		EACCBD3D28A2DBBA00410A39 /* Release */ = {
			isa = XCBuildConfiguration;
			buildSettings = {
				ALWAYS_EMBED_SWIFT_STANDARD_LIBRARIES = YES;
				BUNDLE_LOADER = "$(TEST_HOST)";
				CODE_SIGN_STYLE = Automatic;
				CURRENT_PROJECT_VERSION = 1;
				GENERATE_INFOPLIST_FILE = YES;
				IPHONEOS_DEPLOYMENT_TARGET = 15.5;
				MARKETING_VERSION = 1.0;
				PRODUCT_BUNDLE_IDENTIFIER = lxwooxy.com.tipcalcTests;
				PRODUCT_NAME = "$(TARGET_NAME)";
				SWIFT_EMIT_LOC_STRINGS = NO;
				SWIFT_VERSION = 5.0;
				TARGETED_DEVICE_FAMILY = "1,2";
				TEST_HOST = "$(BUILT_PRODUCTS_DIR)/tipcalc.app/tipcalc";
			};
			name = Release;
		};
		EACCBD3F28A2DBBA00410A39 /* Debug */ = {
			isa = XCBuildConfiguration;
			buildSettings = {
				ALWAYS_EMBED_SWIFT_STANDARD_LIBRARIES = YES;
				CODE_SIGN_STYLE = Automatic;
				CURRENT_PROJECT_VERSION = 1;
				GENERATE_INFOPLIST_FILE = YES;
				MARKETING_VERSION = 1.0;
				PRODUCT_BUNDLE_IDENTIFIER = lxwooxy.com.tipcalcUITests;
				PRODUCT_NAME = "$(TARGET_NAME)";
				SWIFT_EMIT_LOC_STRINGS = NO;
				SWIFT_VERSION = 5.0;
				TARGETED_DEVICE_FAMILY = "1,2";
				TEST_TARGET_NAME = tipcalc;
			};
			name = Debug;
		};
		EACCBD4028A2DBBA00410A39 /* Release */ = {
			isa = XCBuildConfiguration;
			buildSettings = {
				ALWAYS_EMBED_SWIFT_STANDARD_LIBRARIES = YES;
				CODE_SIGN_STYLE = Automatic;
				CURRENT_PROJECT_VERSION = 1;
				GENERATE_INFOPLIST_FILE = YES;
				MARKETING_VERSION = 1.0;
				PRODUCT_BUNDLE_IDENTIFIER = lxwooxy.com.tipcalcUITests;
				PRODUCT_NAME = "$(TARGET_NAME)";
				SWIFT_EMIT_LOC_STRINGS = NO;
				SWIFT_VERSION = 5.0;
				TARGETED_DEVICE_FAMILY = "1,2";
				TEST_TARGET_NAME = tipcalc;
			};
			name = Release;
		};
/* End XCBuildConfiguration section */

/* Begin XCConfigurationList section */
		EACCBD0928A2DBB800410A39 /* Build configuration list for PBXProject "tipcalc" */ = {
			isa = XCConfigurationList;
			buildConfigurations = (
				EACCBD3628A2DBBA00410A39 /* Debug */,
				EACCBD3728A2DBBA00410A39 /* Release */,
			);
			defaultConfigurationIsVisible = 0;
			defaultConfigurationName = Release;
		};
		EACCBD3828A2DBBA00410A39 /* Build configuration list for PBXNativeTarget "tipcalc" */ = {
			isa = XCConfigurationList;
			buildConfigurations = (
				EACCBD3928A2DBBA00410A39 /* Debug */,
				EACCBD3A28A2DBBA00410A39 /* Release */,
			);
			defaultConfigurationIsVisible = 0;
			defaultConfigurationName = Release;
		};
		EACCBD3B28A2DBBA00410A39 /* Build configuration list for PBXNativeTarget "tipcalcTests" */ = {
			isa = XCConfigurationList;
			buildConfigurations = (
				EACCBD3C28A2DBBA00410A39 /* Debug */,
				EACCBD3D28A2DBBA00410A39 /* Release */,
			);
			defaultConfigurationIsVisible = 0;
			defaultConfigurationName = Release;
		};
		EACCBD3E28A2DBBA00410A39 /* Build configuration list for PBXNativeTarget "tipcalcUITests" */ = {
			isa = XCConfigurationList;
			buildConfigurations = (
				EACCBD3F28A2DBBA00410A39 /* Debug */,
				EACCBD4028A2DBBA00410A39 /* Release */,
			);
			defaultConfigurationIsVisible = 0;
			defaultConfigurationName = Release;
		};
/* End XCConfigurationList section */
	};
	rootObject = EACCBD0628A2DBB800410A39 /* Project object */;
}
